
Microsoft Visual Studio Solution File, Format Version 12.00
# Visual Studio Version 17
VisualStudioVersion = 17.4.33122.133
MinimumVisualStudioVersion = 10.0.40219.1
Project("{FAE04EC0-301F-11D3-BF4B-00C04F79EFBC}") = "SupercowVideoPlayer", "SupercowVideoPlayer\SupercowVideoPlayer.csproj", "{56A5749F-2B30-4FAC-8FF3-CCE06AF56FDE}"
EndProject
Global
	GlobalSection(SolutionConfigurationPlatforms) = preSolution
		Debug|Any CPU = Debug|Any CPU
		Release|Any CPU = Release|Any CPU
	EndGlobalSection
	GlobalSection(ProjectConfigurationPlatforms) = postSolution
		{56A5749F-2B30-4FAC-8FF3-CCE06AF56FDE}.Debug|Any CPU.ActiveCfg = Debug|Any CPU
		{56A5749F-2B30-4FAC-8FF3-CCE06AF56FDE}.Debug|Any CPU.Build.0 = Debug|Any CPU
		{56A5749F-2B30-4FAC-8FF3-CCE06AF56FDE}.Release|Any CPU.ActiveCfg = Release|Any CPU
		{56A5749F-2B30-4FAC-8FF3-CCE06AF56FDE}.Release|Any CPU.Build.0 = Release|Any CPU
	EndGlobalSection
	GlobalSection(SolutionProperties) = preSolution
		HideSolutionNode = FALSE
	EndGlobalSection
	GlobalSection(ExtensibilityGlobals) = postSolution
		SolutionGuid = {1BD4B47B-F5D6-4972-84F9-CC33036A406B}
	EndGlobalSection
EndGlobal
